{
  "version": 4,
  "terraform_version": "1.10.2",
  "serial": 9,
  "lineage": "93751434-bcfa-c7ea-392f-c1dd589da39c",
  "outputs": {},
  "resources": [
    {
      "mode": "managed",
      "type": "google_compute_instance",
      "name": "vm_instance",
      "provider": "provider[\"registry.terraform.io/hashicorp/google\"]",
      "instances": [
        {
          "schema_version": 6,
          "attributes": {
            "advanced_machine_features": [],
            "allow_stopping_for_update": null,
            "attached_disk": [],
            "boot_disk": [
              {
                "auto_delete": true,
                "device_name": "persistent-disk-0",
                "disk_encryption_key_raw": "",
                "disk_encryption_key_sha256": "",
                "initialize_params": [
                  {
                    "enable_confidential_compute": false,
                    "image": "https://www.googleapis.com/compute/v1/projects/debian-cloud/global/images/debian-12-bookworm-v20241112",
                    "labels": {},
                    "provisioned_iops": 0,
                    "provisioned_throughput": 0,
                    "resource_manager_tags": {},
                    "resource_policies": [],
                    "size": 15,
                    "storage_pool": "",
                    "type": "pd-standard"
                  }
                ],
                "interface": "",
                "kms_key_self_link": "",
                "mode": "READ_WRITE",
                "source": "https://www.googleapis.com/compute/v1/projects/wkedevops/zones/us-central1-a/disks/wke-gcp-vm-medium"
              }
            ],
            "can_ip_forward": false,
            "confidential_instance_config": [],
            "cpu_platform": "Intel Broadwell",
            "creation_timestamp": "2024-12-11T18:05:04.980-08:00",
            "current_status": "RUNNING",
            "deletion_protection": false,
            "description": "",
            "desired_status": null,
            "effective_labels": {
              "goog-terraform-provisioned": "true"
            },
            "enable_display": false,
            "guest_accelerator": [],
            "hostname": "",
            "id": "projects/wkedevops/zones/us-central1-a/instances/wke-gcp-vm-medium",
            "instance_id": "5283053967565650495",
            "key_revocation_action_type": "",
            "label_fingerprint": "vezUS-42LLM=",
            "labels": {},
            "machine_type": "e2-medium",
            "metadata": {
              "enable-oslogin": "FALSE",
              "ssh-keys": "kone_wolouho:ssh-rsa AAAAB3NzaC1yc2EAAAADAQABAAACAQC8L0QXZt1kJ+iIJmhZQBsiQwZsCohmJ2Ad8wpxjWdkzJxxJXXKm1AisVECtRJzhOOTmZbnADxM1yoLZ68il9hL/mlbVSZUeuJUBjsungHtyS5RL+ygC8Sx+NCDdA0gtoNXnDrCkscyA2YPm9E2DEo8kwH45Gf8+x1rBZ6uvd5m1tw8EzA3HfcnO4hTlbZy1oBy1d/m3WFr7khhGYQ5JUISuYVgZfWvTvE7DqGbHiCY6zgAViD1/rxP7+mm75fcXkIZseHKpBwQ3PNZ8d1HA0nEm6XhEnkhVOnSvxoGA04NJAQuRkOZzjb0k3YvUyIg33H7JR6Tu8wu9+CsHlLWUTirtiCjI6kkOMobwC6QyZWaH1wS56f3hK/3+1iUAfRwrk0c5WdbuDh2GYNRZJ0Sp47aLre1ltiSBKx8U+5/UEwZi97E59xSJsDut79WXcnnHvaPjXfvpJL91FPf7lOtSFUAnlQxsO1ea1YskDz9L7Qlf05qAAO/65KX/gAkXswxatVoKPdKuuHD19d56WtITJaQ6dBZVitcz04ID1fOBo9PPOG7pzlSbsm8cXxSApyteNSPoemb5o2eMepRf1UlBwYyGzmgSxjXWObrwrCHB5NtF7OspQ9RvH7lta3oLCGHgHblkCZg7aQIYWjJiOQR6boMZxnToNj+c+oo7uw1sVzKZQ== kone.wolouho@gmail.com",
              "startup-script": "#!/bin/bash\necho \"kone_wolouho:00932\" | chpasswd\nsed -i 's/PermitRootLogin no/PermitRootLogin yes/g' /etc/ssh/sshd_config\nsystemctl restart sshd\n"
            },
            "metadata_fingerprint": "zvjxRhEj4PI=",
            "metadata_startup_script": null,
            "min_cpu_platform": "",
            "name": "wke-gcp-vm-medium",
            "network_interface": [
              {
                "access_config": [
                  {
                    "nat_ip": "34.123.233.96",
                    "network_tier": "PREMIUM",
                    "public_ptr_domain_name": ""
                  }
                ],
                "alias_ip_range": [],
                "internal_ipv6_prefix_length": 0,
                "ipv6_access_config": [],
                "ipv6_access_type": "",
                "ipv6_address": "",
                "name": "nic0",
                "network": "https://www.googleapis.com/compute/v1/projects/wkedevops/global/networks/default",
                "network_ip": "10.128.0.3",
                "nic_type": "",
                "queue_count": 0,
                "stack_type": "IPV4_ONLY",
                "subnetwork": "https://www.googleapis.com/compute/v1/projects/wkedevops/regions/us-central1/subnetworks/default",
                "subnetwork_project": "wkedevops"
              }
            ],
            "network_performance_config": [],
            "params": [],
            "project": "wkedevops",
            "reservation_affinity": [],
            "resource_policies": [],
            "scheduling": [
              {
                "automatic_restart": true,
                "instance_termination_action": "",
                "local_ssd_recovery_timeout": [],
                "max_run_duration": [],
                "min_node_cpus": 0,
                "node_affinities": [],
                "on_host_maintenance": "MIGRATE",
                "on_instance_stop_action": [],
                "preemptible": false,
                "provisioning_model": "STANDARD"
              }
            ],
            "scratch_disk": [],
            "self_link": "https://www.googleapis.com/compute/v1/projects/wkedevops/zones/us-central1-a/instances/wke-gcp-vm-medium",
            "service_account": [],
            "shielded_instance_config": [
              {
                "enable_integrity_monitoring": true,
                "enable_secure_boot": false,
                "enable_vtpm": true
              }
            ],
            "tags": [
              "http-server",
              "https-server"
            ],
            "tags_fingerprint": "6smc4R4d39I=",
            "terraform_labels": {
              "goog-terraform-provisioned": "true"
            },
            "timeouts": null,
            "zone": "us-central1-a"
          },
          "sensitive_attributes": [
            [
              {
                "type": "get_attr",
                "value": "boot_disk"
              },
              {
                "type": "index",
                "value": {
                  "value": 0,
                  "type": "number"
                }
              },
              {
                "type": "get_attr",
                "value": "disk_encryption_key_raw"
              }
            ]
          ],
          "private": "eyJlMmJmYjczMC1lY2FhLTExZTYtOGY4OC0zNDM2M2JjN2M0YzAiOnsiY3JlYXRlIjoxMjAwMDAwMDAwMDAwLCJkZWxldGUiOjEyMDAwMDAwMDAwMDAsInVwZGF0ZSI6MTIwMDAwMDAwMDAwMH0sInNjaGVtYV92ZXJzaW9uIjoiNiJ9"
        }
      ]
    },
    {
      "mode": "managed",
      "type": "google_dns_record_set",
      "name": "vm_dns_record",
      "provider": "provider[\"registry.terraform.io/hashicorp/google\"]",
      "instances": [
        {
          "schema_version": 0,
          "attributes": {
            "id": "projects/wkedevops/managedZones/wke-zone-cloud-dns/rrsets/mon.kone-wolouho-oumar.com./A",
            "managed_zone": "wke-zone-cloud-dns",
            "name": "mon.kone-wolouho-oumar.com.",
            "project": "wkedevops",
            "routing_policy": [],
            "rrdatas": [
              "34.123.233.96"
            ],
            "ttl": 300,
            "type": "A"
          },
          "sensitive_attributes": [],
          "private": "bnVsbA==",
          "dependencies": [
            "google_compute_instance.vm_instance"
          ]
        }
      ]
    },
    {
      "mode": "managed",
      "type": "null_resource",
      "name": "ansible_config",
      "provider": "provider[\"registry.terraform.io/hashicorp/null\"]",
      "instances": [
        {
          "schema_version": 0,
          "attributes": {
            "id": "3299229238321818010",
            "triggers": null
          },
          "sensitive_attributes": [],
          "dependencies": [
            "google_compute_instance.vm_instance"
          ]
        }
      ]
    }
  ],
  "check_results": null
}
